
Microsoft Visual Studio Solution File, Format Version 12.00
# Visual Studio Version 17
VisualStudioVersion = 17.8.34004.107
MinimumVisualStudioVersion = 10.0.40219.1
Project("{9A19103F-16F7-4668-BE54-9A1E7A4F7556}") = "TechfiedSolution", "TechfiedSolution\TechfiedSolution.csproj", "{F3EC819D-598C-4E87-B896-72D30EF44F9E}"
EndProject
Global
	GlobalSection(SolutionConfigurationPlatforms) = preSolution
		Debug|Any CPU = Debug|Any CPU
		Release|Any CPU = Release|Any CPU
	EndGlobalSection
	GlobalSection(ProjectConfigurationPlatforms) = postSolution
		{F3EC819D-598C-4E87-B896-72D30EF44F9E}.Debug|Any CPU.ActiveCfg = Debug|Any CPU
		{F3EC819D-598C-4E87-B896-72D30EF44F9E}.Debug|Any CPU.Build.0 = Debug|Any CPU
		{F3EC819D-598C-4E87-B896-72D30EF44F9E}.Release|Any CPU.ActiveCfg = Release|Any CPU
		{F3EC819D-598C-4E87-B896-72D30EF44F9E}.Release|Any CPU.Build.0 = Release|Any CPU
	EndGlobalSection
	GlobalSection(SolutionProperties) = preSolution
		HideSolutionNode = FALSE
	EndGlobalSection
	GlobalSection(ExtensibilityGlobals) = postSolution
		SolutionGuid = {B867C643-F318-4513-A66D-4110B986DDAF}
	EndGlobalSection
EndGlobal
